
Microsoft Visual Studio Solution File, Format Version 12.00
# Visual Studio Version 17
VisualStudioVersion = 17.7.34202.233
MinimumVisualStudioVersion = 10.0.40219.1
Project("{FAE04EC0-301F-11D3-BF4B-00C04F79EFBC}") = "Задание", "Задание\Задание.csproj", "{F40523BE-E8B7-485A-8404-7AC8625FC117}"
EndProject
Global
	GlobalSection(SolutionConfigurationPlatforms) = preSolution
		Debug|Any CPU = Debug|Any CPU
		Release|Any CPU = Release|Any CPU
	EndGlobalSection
	GlobalSection(ProjectConfigurationPlatforms) = postSolution
		{F40523BE-E8B7-485A-8404-7AC8625FC117}.Debug|Any CPU.ActiveCfg = Debug|Any CPU
		{F40523BE-E8B7-485A-8404-7AC8625FC117}.Debug|Any CPU.Build.0 = Debug|Any CPU
		{F40523BE-E8B7-485A-8404-7AC8625FC117}.Release|Any CPU.ActiveCfg = Release|Any CPU
		{F40523BE-E8B7-485A-8404-7AC8625FC117}.Release|Any CPU.Build.0 = Release|Any CPU
	EndGlobalSection
	GlobalSection(SolutionProperties) = preSolution
		HideSolutionNode = FALSE
	EndGlobalSection
	GlobalSection(ExtensibilityGlobals) = postSolution
		SolutionGuid = {BC403156-BA54-4B2A-AA3C-D014D69F9CB3}
	EndGlobalSection
EndGlobal
